<?xml version="1.0" encoding="utf-8"?>
<Project ToolsVersion="4.0" xmlns="http://schemas.microsoft.com/developer/msbuild/2003">
  <ItemGroup>
    <Filter Include="Source Files">
      <UniqueIdentifier>{4FC737F1-C7A5-4376-A066-2A32D752A2FF}</UniqueIdentifier>
      <Extensions>cpp;c;cc;cxx;def;odl;idl;hpj;bat;asm;asmx</Extensions>
    </Filter>
    <Filter Include="Header Files">
      <UniqueIdentifier>{93995380-89BD-4b04-88EB-625FBE52EBFB}</UniqueIdentifier>
      <Extensions>h;hpp;hxx;hm;inl;inc;xsd</Extensions>
    </Filter>
    <Filter Include="Resource Files">
      <UniqueIdentifier>{67DA6AB6-F800-4c08-8B7A-83BB121AAD01}</UniqueIdentifier>
      <Extensions>rc;ico;cur;bmp;dlg;rc2;rct;bin;rgs;gif;jpg;jpeg;jpe;resx;tiff;tif;png;wav;mfcribbon-ms</Extensions>
    </Filter>
    <Filter Include="Source Files\GameplayFoundations">
      <UniqueIdentifier>{6dabaa7b-7527-4599-960a-e78bab436683}</UniqueIdentifier>
    </Filter>
    <Filter Include="Header Files\GameplayFoundations">
      <UniqueIdentifier>{e96b1e9f-0e70-4927-b713-01c1f3f042f0}</UniqueIdentifier>
    </Filter>
    <Filter Include="Source Files\HID">
      <UniqueIdentifier>{c0d1d738-b15e-4bd4-ab1a-2816e7f234c7}</UniqueIdentifier>
    </Filter>
    <Filter Include="Header Files\HID">
      <UniqueIdentifier>{f9cf40e5-fb4a-4b64-9bd7-c4c9f0afc09d}</UniqueIdentifier>
    </Filter>
    <Filter Include="Source Files\GFX">
      <UniqueIdentifier>{2b05432f-137f-4df6-b023-ddd1872bd72b}</UniqueIdentifier>
    </Filter>
    <Filter Include="Header Files\GFX">
      <UniqueIdentifier>{46a3a49c-2c44-4c81-9b90-afb9c9b43c51}</UniqueIdentifier>
    </Filter>
    <Filter Include="Source Files\Actor">
      <UniqueIdentifier>{9d3908a6-9996-4d66-8064-e179a66ef023}</UniqueIdentifier>
    </Filter>
    <Filter Include="Header Files\Actor">
      <UniqueIdentifier>{1fdffe21-a5e9-4e4d-9b99-0e43dd25da5a}</UniqueIdentifier>
    </Filter>
    <Filter Include="Source Files\Sound">
      <UniqueIdentifier>{ac51f925-0577-4cc4-8cbf-84e2366cec54}</UniqueIdentifier>
    </Filter>
    <Filter Include="Header Files\Sound">
      <UniqueIdentifier>{faa50644-dd56-496f-8f36-c3aad7359f62}</UniqueIdentifier>
    </Filter>
    <Filter Include="Source Files\GameplayFoundations\Events">
      <UniqueIdentifier>{49f4c1e4-ef75-46d1-97f9-f70aa50c97b8}</UniqueIdentifier>
    </Filter>
    <Filter Include="Header Files\GameplayFoundations\Events">
      <UniqueIdentifier>{7dc0c373-1749-45a0-a5f0-fe900e530acb}</UniqueIdentifier>
    </Filter>
    <Filter Include="Source Files\Resources">
      <UniqueIdentifier>{b6662e17-a081-4a25-9ea5-5708887c47bc}</UniqueIdentifier>
    </Filter>
    <Filter Include="Header Files\Resources">
      <UniqueIdentifier>{ddc2f6b9-4758-451c-862a-8c2a475c7f33}</UniqueIdentifier>
    </Filter>
  </ItemGroup>
  <ItemGroup>
    <ClCompile Include="GameplayFoundations\Grid.cpp">
      <Filter>Source Files\GameplayFoundations</Filter>
    </ClCompile>
    <ClCompile Include="GameplayFoundations\GridCell.cpp">
      <Filter>Source Files\GameplayFoundations</Filter>
    </ClCompile>
    <ClCompile Include="GameplayFoundations\CellIndex.cpp">
      <Filter>Source Files\GameplayFoundations</Filter>
    </ClCompile>
    <ClCompile Include="HID\HID.cpp">
      <Filter>Source Files\HID</Filter>
    </ClCompile>
    <ClCompile Include="HID\Mouse.cpp">
      <Filter>Source Files\HID</Filter>
    </ClCompile>
    <ClCompile Include="HID\Keyboard.cpp">
      <Filter>Source Files\HID</Filter>
    </ClCompile>
    <ClCompile Include="WinMain.cpp">
      <Filter>Source Files</Filter>
    </ClCompile>
    <ClCompile Include="Print.cpp">
      <Filter>Source Files</Filter>
    </ClCompile>
    <ClCompile Include="Game.cpp">
      <Filter>Source Files</Filter>
    </ClCompile>
    <ClCompile Include="GameplayFoundations\GameObject.cpp">
      <Filter>Source Files\GameplayFoundations</Filter>
    </ClCompile>
    <ClCompile Include="GameplayFoundations\Timer.cpp">
      <Filter>Source Files\GameplayFoundations</Filter>
    </ClCompile>
    <ClCompile Include="BoundingBox.cpp">
      <Filter>Source Files</Filter>
    </ClCompile>
    <ClCompile Include="Actor\Player.cpp">
      <Filter>Source Files\Actor</Filter>
    </ClCompile>
    <ClCompile Include="GameplayFoundations\Collision.cpp">
      <Filter>Source Files\GameplayFoundations</Filter>
    </ClCompile>
    <ClCompile Include="Actor\Ghost.cpp">
      <Filter>Source Files\Actor</Filter>
    </ClCompile>
    <ClCompile Include="Sound\SoundManager.cpp">
      <Filter>Source Files\Sound</Filter>
    </ClCompile>
    <ClCompile Include="Actor\RandomGhost.cpp">
      <Filter>Source Files\Actor</Filter>
    </ClCompile>
    <ClCompile Include="Actor\HuntGhost.cpp">
      <Filter>Source Files\Actor</Filter>
    </ClCompile>
    <ClCompile Include="Actor\PointGhost.cpp">
      <Filter>Source Files\Actor</Filter>
    </ClCompile>
    <ClCompile Include="GFX\animation.cpp">
      <Filter>Source Files\GFX</Filter>
    </ClCompile>
    <ClCompile Include="GameplayFoundations\Events\Event.cpp">
      <Filter>Source Files\GameplayFoundations\Events</Filter>
    </ClCompile>
    <ClCompile Include="GFX\Camera.cpp">
      <Filter>Source Files\GFX</Filter>
    </ClCompile>
    <ClCompile Include="GameplayFoundations\Events\MouseButtonEvent.cpp">
      <Filter>Source Files\GameplayFoundations\Events</Filter>
    </ClCompile>
    <ClCompile Include="GFX\dxManager.cpp">
      <Filter>Source Files\GFX</Filter>
    </ClCompile>
    <ClCompile Include="GameplayFoundations\Events\KeyboardKeyEvent.cpp">
      <Filter>Source Files\GameplayFoundations\Events</Filter>
    </ClCompile>
    <ClCompile Include="GameplayFoundations\Events\MouseMoveEvent.cpp">
      <Filter>Source Files\GameplayFoundations\Events</Filter>
    </ClCompile>
    <ClCompile Include="GameplayFoundations\Events\EventQueue.cpp">
      <Filter>Source Files\GameplayFoundations\Events</Filter>
    </ClCompile>
    <ClCompile Include="Resources\Context.cpp">
      <Filter>Source Files\Resources</Filter>
    </ClCompile>
    <ClCompile Include="Resources\mtaLoader.cpp">
      <Filter>Source Files\Resources</Filter>
    </ClCompile>
    <ClCompile Include="Resources\Resource.cpp">
      <Filter>Source Files\Resources</Filter>
    </ClCompile>
    <ClCompile Include="Resources\ResourceManager.cpp">
      <Filter>Source Files\Resources</Filter>
    </ClCompile>
    <ClCompile Include="Resources\Texture.cpp">
      <Filter>Source Files\Resources</Filter>
    </ClCompile>
    <ClCompile Include="Resources\MTAModel.cpp">
      <Filter>Source Files\Resources</Filter>
    </ClCompile>
    <ClCompile Include="Resources\MapTexture.cpp">
      <Filter>Source Files\Resources</Filter>
    </ClCompile>
    <ClCompile Include="Actor\Actor.cpp">
      <Filter>Source Files\Actor</Filter>
    </ClCompile>
    <ClCompile Include="Resources\MTLoader.cpp">
      <Filter>Source Files\Resources</Filter>
    </ClCompile>
    <ClCompile Include="Actor\Food.cpp">
      <Filter>Source Files\Actor</Filter>       
    </ClCompile>
    <ClCompile Include="Resources\MTModel.cpp">
      <Filter>Source Files\Resources</Filter>
    </ClCompile>
  </ItemGroup>
  <ItemGroup>
    <ClInclude Include="GameplayFoundations\Grid.h">
      <Filter>Header Files\GameplayFoundations</Filter>
    </ClInclude>
    <ClInclude Include="GameplayFoundations\GridCell.h">
      <Filter>Header Files\GameplayFoundations</Filter>
    </ClInclude>
    <ClInclude Include="GameplayFoundations\CellIndex.h">
      <Filter>Header Files\GameplayFoundations</Filter>
    </ClInclude>
    <ClInclude Include="HID\HID.h">
      <Filter>Header Files\HID</Filter>
    </ClInclude>
    <ClInclude Include="HID\Mouse.h">
      <Filter>Header Files\HID</Filter>
    </ClInclude>
    <ClInclude Include="HID\Keyboard.h">
      <Filter>Header Files\HID</Filter>
    </ClInclude>
    <ClInclude Include="Print.h">
      <Filter>Header Files</Filter>
    </ClInclude>
    <ClInclude Include="Game.h">
      <Filter>Header Files</Filter>
    </ClInclude>
    <ClInclude Include="InputManager.h">
      <Filter>Header Files</Filter>
    </ClInclude>
    <ClInclude Include="hrTimer.h">
      <Filter>Header Files</Filter>
    </ClInclude>
    <ClInclude Include="GameplayFoundations\GameObject.h">
      <Filter>Header Files\GameplayFoundations</Filter>
    </ClInclude>
    <ClInclude Include="GameplayFoundations\Timer.h">
      <Filter>Header Files\GameplayFoundations</Filter>
    </ClInclude>
    <ClInclude Include="BoundingBox.h">
      <Filter>Header Files</Filter>
    </ClInclude>
    <ClInclude Include="Actor\Player.h">
      <Filter>Header Files\Actor</Filter>
    </ClInclude>
    <ClInclude Include="GameplayFoundations\Collision.h">
      <Filter>Header Files\GameplayFoundations</Filter>
    </ClInclude>
    <ClInclude Include="Actor\Ghost.h">
      <Filter>Header Files\Actor</Filter>
    </ClInclude>
    <ClInclude Include="Sound\SoundManager.h">
      <Filter>Header Files\Sound</Filter>
    </ClInclude>
    <ClInclude Include="Actor\PointGhost.h">
      <Filter>Header Files\Actor</Filter>
    </ClInclude>
    <ClInclude Include="Actor\RandomGhost.h">
      <Filter>Header Files\Actor</Filter>
    </ClInclude>
    <ClInclude Include="Actor\HuntGhost.h">
      <Filter>Header Files\Actor</Filter>
    </ClInclude>
    <ClInclude Include="GameplayFoundations\Events\Event.h">
      <Filter>Header Files\GameplayFoundations\Events</Filter>
    </ClInclude>
    <ClInclude Include="GameplayFoundations\Events\MouseButtonEvent.h">
      <Filter>Header Files\GameplayFoundations\Events</Filter>
    </ClInclude>
    <ClInclude Include="GameplayFoundations\Events\KeyboardKeyEvent.h">
      <Filter>Header Files\GameplayFoundations\Events</Filter>
    </ClInclude>
    <ClInclude Include="GameplayFoundations\Events\MouseMoveEvent.h">
      <Filter>Header Files\GameplayFoundations\Events</Filter>
    </ClInclude>
    <ClInclude Include="GFX\animation.h">
      <Filter>Header Files\GFX</Filter>
    </ClInclude>
    <ClInclude Include="GFX\Camera.h">
      <Filter>Header Files\GFX</Filter>
    </ClInclude>
    <ClInclude Include="GFX\dxManager.h">
      <Filter>Header Files\GFX</Filter>
    </ClInclude>
    <ClInclude Include="GFX\lights.h">
      <Filter>Header Files\GFX</Filter>
    </ClInclude>
    <ClInclude Include="GameplayFoundations\Events\EventQueue.h">
      <Filter>Header Files\GameplayFoundations\Events</Filter>
    </ClInclude>
    <ClInclude Include="Resources\Context.h">
      <Filter>Header Files\Resources</Filter>
    </ClInclude>
    <ClInclude Include="Resources\mtaLoader.h">
      <Filter>Header Files\Resources</Filter>
    </ClInclude>
    <ClInclude Include="Resources\Resource.h">
      <Filter>Header Files\Resources</Filter>
    </ClInclude>
    <ClInclude Include="Resources\ResourceManager.h">
      <Filter>Header Files\Resources</Filter>
    </ClInclude>
    <ClInclude Include="Resources\Texture.h">
      <Filter>Header Files\Resources</Filter>
    </ClInclude>
    <ClInclude Include="Resources\vertexTypes.h">
      <Filter>Header Files\Resources</Filter>
    </ClInclude>
    <ClInclude Include="Resources\MTAModel.h">
      <Filter>Header Files\Resources</Filter>
    </ClInclude>
    <ClInclude Include="Resources\MapTexture.h">
      <Filter>Header Files\Resources</Filter>
    </ClInclude>
    <ClInclude Include="Resources\MTLoader.h">
      <Filter>Header Files\Resources</Filter>
    </ClInclude>
    <ClInclude Include="Resources\MTModel.h">
      <Filter>Header Files\Resources</Filter>
    </ClInclude>
    <ClInclude Include="Actor\Actor.h">
      <Filter>Header Files\Actor</Filter>
    </ClInclude>
    <ClInclude Include="Actor\Food.h">
      <Filter>Header Files\Actor</Filter>
    </ClInclude>
  </ItemGroup>
  <ItemGroup>
    <None Include="GFX\dynamic.fx">
      <Filter>Header Files\GFX</Filter>
    </None>
    <None Include="GFX\static.fx">
      <Filter>Header Files\GFX</Filter>
    </None>
  </ItemGroup>
</Project>